
Microsoft Visual Studio Solution File, Format Version 12.00
# Visual Studio Version 16
VisualStudioVersion = 16.0.30011.22
MinimumVisualStudioVersion = 15.0.26124.0
Project("{2150E333-8FDC-42A3-9474-1A3956D46DE8}") = "src", "src", "{C7E53DF0-5503-4C31-83AB-79FDF0694457}"
EndProject
Project("{2150E333-8FDC-42A3-9474-1A3956D46DE8}") = "Logging", "Logging", "{4DEBA135-B7FF-4ECD-9881-963B1FDC4FA6}"
EndProject
Project("{9A19103F-16F7-4668-BE54-9A1E7A4F7556}") = "Loggly", "src\Logging\Loggly\Loggly.csproj", "{753B07D0-1FE6-4EB1-A73A-6F6532590184}"
EndProject
Project("{2150E333-8FDC-42A3-9474-1A3956D46DE8}") = "tests", "tests", "{2BCA0BF3-ED8E-4490-8909-7128DB718DBF}"
EndProject
Project("{2150E333-8FDC-42A3-9474-1A3956D46DE8}") = "Logging", "Logging", "{F1003031-4F94-4F7A-B0E3-AC17D1FA3B5E}"
EndProject
Project("{9A19103F-16F7-4668-BE54-9A1E7A4F7556}") = "Tests.Loggly", "tests\Logging\Tests.Loggly\Tests.Loggly.csproj", "{06EF735D-1552-4352-A26D-97FE81BF2701}"
EndProject
Project("{2150E333-8FDC-42A3-9474-1A3956D46DE8}") = "Configuration", "Configuration", "{FCAFFE58-9A15-49B0-BA2D-6F58CE095356}"
EndProject
Project("{9A19103F-16F7-4668-BE54-9A1E7A4F7556}") = "ECSContainerMetadata", "src\Configuration\ECSContainerMetadata\ECSContainerMetadata.csproj", "{D121278E-2DE1-4FFC-B000-17AA16779EA4}"
EndProject
Project("{2150E333-8FDC-42A3-9474-1A3956D46DE8}") = "Configuration", "Configuration", "{DC5CEC38-D14B-4E4B-90F3-10E6D983F8FE}"
EndProject
Project("{9A19103F-16F7-4668-BE54-9A1E7A4F7556}") = "Tests.ECSContainerMetadata", "tests\Configuration\Tests.ECSContainerMetadata\Tests.ECSContainerMetadata.csproj", "{36D530B2-EE1C-4FE3-8F86-E370CA6C3E05}"
EndProject
Project("{2150E333-8FDC-42A3-9474-1A3956D46DE8}") = "DependencyInjection", "DependencyInjection", "{776BFF6D-419F-4540-A024-6FC133C317BB}"
EndProject
Project("{9A19103F-16F7-4668-BE54-9A1E7A4F7556}") = "ServiceModel.Discovery", "src\DependencyInjection\ServiceModel.Discovery\ServiceModel.Discovery.csproj", "{D726EDF4-87D8-4334-94EC-9445A881E8C0}"
EndProject
Project("{9A19103F-16F7-4668-BE54-9A1E7A4F7556}") = "ServiceModel.DiscoveryAdapter", "src\DependencyInjection\ServiceModel.DiscoveryAdapter\ServiceModel.DiscoveryAdapter.csproj", "{DAD8E877-55D5-4924-94D0-57297396C87C}"
EndProject
Project("{2150E333-8FDC-42A3-9474-1A3956D46DE8}") = "samples", "samples", "{42370D81-086B-4D7F-85DB-E874F12DE1E8}"
EndProject
Project("{2150E333-8FDC-42A3-9474-1A3956D46DE8}") = "DependencyInjection", "DependencyInjection", "{A5371690-4702-4E10-A3B4-9E5AC9095339}"
EndProject
Project("{FAE04EC0-301F-11D3-BF4B-00C04F79EFBC}") = "DiscoveryAdapter", "samples\DependencyInjection\DiscoveryAdapter\DiscoveryAdapter.csproj", "{9334A768-101E-4A53-B9FB-FD55AFE64508}"
EndProject
Global
	GlobalSection(SolutionConfigurationPlatforms) = preSolution
		Debug|Any CPU = Debug|Any CPU
		Debug|x64 = Debug|x64
		Debug|x86 = Debug|x86
		Release|Any CPU = Release|Any CPU
		Release|x64 = Release|x64
		Release|x86 = Release|x86
	EndGlobalSection
	GlobalSection(ProjectConfigurationPlatforms) = postSolution
		{753B07D0-1FE6-4EB1-A73A-6F6532590184}.Debug|Any CPU.ActiveCfg = Debug|Any CPU
		{753B07D0-1FE6-4EB1-A73A-6F6532590184}.Debug|Any CPU.Build.0 = Debug|Any CPU
		{753B07D0-1FE6-4EB1-A73A-6F6532590184}.Debug|x64.ActiveCfg = Debug|Any CPU
		{753B07D0-1FE6-4EB1-A73A-6F6532590184}.Debug|x64.Build.0 = Debug|Any CPU
		{753B07D0-1FE6-4EB1-A73A-6F6532590184}.Debug|x86.ActiveCfg = Debug|Any CPU
		{753B07D0-1FE6-4EB1-A73A-6F6532590184}.Debug|x86.Build.0 = Debug|Any CPU
		{753B07D0-1FE6-4EB1-A73A-6F6532590184}.Release|Any CPU.ActiveCfg = Release|Any CPU
		{753B07D0-1FE6-4EB1-A73A-6F6532590184}.Release|Any CPU.Build.0 = Release|Any CPU
		{753B07D0-1FE6-4EB1-A73A-6F6532590184}.Release|x64.ActiveCfg = Release|Any CPU
		{753B07D0-1FE6-4EB1-A73A-6F6532590184}.Release|x64.Build.0 = Release|Any CPU
		{753B07D0-1FE6-4EB1-A73A-6F6532590184}.Release|x86.ActiveCfg = Release|Any CPU
		{753B07D0-1FE6-4EB1-A73A-6F6532590184}.Release|x86.Build.0 = Release|Any CPU
		{06EF735D-1552-4352-A26D-97FE81BF2701}.Debug|Any CPU.ActiveCfg = Debug|Any CPU
		{06EF735D-1552-4352-A26D-97FE81BF2701}.Debug|Any CPU.Build.0 = Debug|Any CPU
		{06EF735D-1552-4352-A26D-97FE81BF2701}.Debug|x64.ActiveCfg = Debug|Any CPU
		{06EF735D-1552-4352-A26D-97FE81BF2701}.Debug|x64.Build.0 = Debug|Any CPU
		{06EF735D-1552-4352-A26D-97FE81BF2701}.Debug|x86.ActiveCfg = Debug|Any CPU
		{06EF735D-1552-4352-A26D-97FE81BF2701}.Debug|x86.Build.0 = Debug|Any CPU
		{06EF735D-1552-4352-A26D-97FE81BF2701}.Release|Any CPU.ActiveCfg = Release|Any CPU
		{06EF735D-1552-4352-A26D-97FE81BF2701}.Release|Any CPU.Build.0 = Release|Any CPU
		{06EF735D-1552-4352-A26D-97FE81BF2701}.Release|x64.ActiveCfg = Release|Any CPU
		{06EF735D-1552-4352-A26D-97FE81BF2701}.Release|x64.Build.0 = Release|Any CPU
		{06EF735D-1552-4352-A26D-97FE81BF2701}.Release|x86.ActiveCfg = Release|Any CPU
		{06EF735D-1552-4352-A26D-97FE81BF2701}.Release|x86.Build.0 = Release|Any CPU
		{D121278E-2DE1-4FFC-B000-17AA16779EA4}.Debug|Any CPU.ActiveCfg = Debug|Any CPU
		{D121278E-2DE1-4FFC-B000-17AA16779EA4}.Debug|Any CPU.Build.0 = Debug|Any CPU
		{D121278E-2DE1-4FFC-B000-17AA16779EA4}.Debug|x64.ActiveCfg = Debug|Any CPU
		{D121278E-2DE1-4FFC-B000-17AA16779EA4}.Debug|x64.Build.0 = Debug|Any CPU
		{D121278E-2DE1-4FFC-B000-17AA16779EA4}.Debug|x86.ActiveCfg = Debug|Any CPU
		{D121278E-2DE1-4FFC-B000-17AA16779EA4}.Debug|x86.Build.0 = Debug|Any CPU
		{D121278E-2DE1-4FFC-B000-17AA16779EA4}.Release|Any CPU.ActiveCfg = Release|Any CPU
		{D121278E-2DE1-4FFC-B000-17AA16779EA4}.Release|Any CPU.Build.0 = Release|Any CPU
		{D121278E-2DE1-4FFC-B000-17AA16779EA4}.Release|x64.ActiveCfg = Release|Any CPU
		{D121278E-2DE1-4FFC-B000-17AA16779EA4}.Release|x64.Build.0 = Release|Any CPU
		{D121278E-2DE1-4FFC-B000-17AA16779EA4}.Release|x86.ActiveCfg = Release|Any CPU
		{D121278E-2DE1-4FFC-B000-17AA16779EA4}.Release|x86.Build.0 = Release|Any CPU
		{36D530B2-EE1C-4FE3-8F86-E370CA6C3E05}.Debug|Any CPU.ActiveCfg = Debug|Any CPU
		{36D530B2-EE1C-4FE3-8F86-E370CA6C3E05}.Debug|Any CPU.Build.0 = Debug|Any CPU
		{36D530B2-EE1C-4FE3-8F86-E370CA6C3E05}.Debug|x64.ActiveCfg = Debug|Any CPU
		{36D530B2-EE1C-4FE3-8F86-E370CA6C3E05}.Debug|x64.Build.0 = Debug|Any CPU
		{36D530B2-EE1C-4FE3-8F86-E370CA6C3E05}.Debug|x86.ActiveCfg = Debug|Any CPU
		{36D530B2-EE1C-4FE3-8F86-E370CA6C3E05}.Debug|x86.Build.0 = Debug|Any CPU
		{36D530B2-EE1C-4FE3-8F86-E370CA6C3E05}.Release|Any CPU.ActiveCfg = Release|Any CPU
		{36D530B2-EE1C-4FE3-8F86-E370CA6C3E05}.Release|Any CPU.Build.0 = Release|Any CPU
		{36D530B2-EE1C-4FE3-8F86-E370CA6C3E05}.Release|x64.ActiveCfg = Release|Any CPU
		{36D530B2-EE1C-4FE3-8F86-E370CA6C3E05}.Release|x64.Build.0 = Release|Any CPU
		{36D530B2-EE1C-4FE3-8F86-E370CA6C3E05}.Release|x86.ActiveCfg = Release|Any CPU
		{36D530B2-EE1C-4FE3-8F86-E370CA6C3E05}.Release|x86.Build.0 = Release|Any CPU
		{D726EDF4-87D8-4334-94EC-9445A881E8C0}.Debug|Any CPU.ActiveCfg = Debug|Any CPU
		{D726EDF4-87D8-4334-94EC-9445A881E8C0}.Debug|Any CPU.Build.0 = Debug|Any CPU
		{D726EDF4-87D8-4334-94EC-9445A881E8C0}.Debug|x64.ActiveCfg = Debug|Any CPU
		{D726EDF4-87D8-4334-94EC-9445A881E8C0}.Debug|x64.Build.0 = Debug|Any CPU
		{D726EDF4-87D8-4334-94EC-9445A881E8C0}.Debug|x86.ActiveCfg = Debug|Any CPU
		{D726EDF4-87D8-4334-94EC-9445A881E8C0}.Debug|x86.Build.0 = Debug|Any CPU
		{D726EDF4-87D8-4334-94EC-9445A881E8C0}.Release|Any CPU.ActiveCfg = Release|Any CPU
		{D726EDF4-87D8-4334-94EC-9445A881E8C0}.Release|Any CPU.Build.0 = Release|Any CPU
		{D726EDF4-87D8-4334-94EC-9445A881E8C0}.Release|x64.ActiveCfg = Release|Any CPU
		{D726EDF4-87D8-4334-94EC-9445A881E8C0}.Release|x64.Build.0 = Release|Any CPU
		{D726EDF4-87D8-4334-94EC-9445A881E8C0}.Release|x86.ActiveCfg = Release|Any CPU
		{D726EDF4-87D8-4334-94EC-9445A881E8C0}.Release|x86.Build.0 = Release|Any CPU
		{DAD8E877-55D5-4924-94D0-57297396C87C}.Debug|Any CPU.ActiveCfg = Debug|Any CPU
		{DAD8E877-55D5-4924-94D0-57297396C87C}.Debug|Any CPU.Build.0 = Debug|Any CPU
		{DAD8E877-55D5-4924-94D0-57297396C87C}.Debug|x64.ActiveCfg = Debug|Any CPU
		{DAD8E877-55D5-4924-94D0-57297396C87C}.Debug|x64.Build.0 = Debug|Any CPU
		{DAD8E877-55D5-4924-94D0-57297396C87C}.Debug|x86.ActiveCfg = Debug|Any CPU
		{DAD8E877-55D5-4924-94D0-57297396C87C}.Debug|x86.Build.0 = Debug|Any CPU
		{DAD8E877-55D5-4924-94D0-57297396C87C}.Release|Any CPU.ActiveCfg = Release|Any CPU
		{DAD8E877-55D5-4924-94D0-57297396C87C}.Release|Any CPU.Build.0 = Release|Any CPU
		{DAD8E877-55D5-4924-94D0-57297396C87C}.Release|x64.ActiveCfg = Release|Any CPU
		{DAD8E877-55D5-4924-94D0-57297396C87C}.Release|x64.Build.0 = Release|Any CPU
		{DAD8E877-55D5-4924-94D0-57297396C87C}.Release|x86.ActiveCfg = Release|Any CPU
		{DAD8E877-55D5-4924-94D0-57297396C87C}.Release|x86.Build.0 = Release|Any CPU
		{9334A768-101E-4A53-B9FB-FD55AFE64508}.Debug|Any CPU.ActiveCfg = Debug|Any CPU
		{9334A768-101E-4A53-B9FB-FD55AFE64508}.Debug|Any CPU.Build.0 = Debug|Any CPU
		{9334A768-101E-4A53-B9FB-FD55AFE64508}.Debug|x64.ActiveCfg = Debug|Any CPU
		{9334A768-101E-4A53-B9FB-FD55AFE64508}.Debug|x64.Build.0 = Debug|Any CPU
		{9334A768-101E-4A53-B9FB-FD55AFE64508}.Debug|x86.ActiveCfg = Debug|Any CPU
		{9334A768-101E-4A53-B9FB-FD55AFE64508}.Debug|x86.Build.0 = Debug|Any CPU
		{9334A768-101E-4A53-B9FB-FD55AFE64508}.Release|Any CPU.ActiveCfg = Release|Any CPU
		{9334A768-101E-4A53-B9FB-FD55AFE64508}.Release|Any CPU.Build.0 = Release|Any CPU
		{9334A768-101E-4A53-B9FB-FD55AFE64508}.Release|x64.ActiveCfg = Release|Any CPU
		{9334A768-101E-4A53-B9FB-FD55AFE64508}.Release|x64.Build.0 = Release|Any CPU
		{9334A768-101E-4A53-B9FB-FD55AFE64508}.Release|x86.ActiveCfg = Release|Any CPU
		{9334A768-101E-4A53-B9FB-FD55AFE64508}.Release|x86.Build.0 = Release|Any CPU
	EndGlobalSection
	GlobalSection(SolutionProperties) = preSolution
		HideSolutionNode = FALSE
	EndGlobalSection
	GlobalSection(NestedProjects) = preSolution
		{4DEBA135-B7FF-4ECD-9881-963B1FDC4FA6} = {C7E53DF0-5503-4C31-83AB-79FDF0694457}
		{753B07D0-1FE6-4EB1-A73A-6F6532590184} = {4DEBA135-B7FF-4ECD-9881-963B1FDC4FA6}
		{F1003031-4F94-4F7A-B0E3-AC17D1FA3B5E} = {2BCA0BF3-ED8E-4490-8909-7128DB718DBF}
		{06EF735D-1552-4352-A26D-97FE81BF2701} = {F1003031-4F94-4F7A-B0E3-AC17D1FA3B5E}
		{FCAFFE58-9A15-49B0-BA2D-6F58CE095356} = {C7E53DF0-5503-4C31-83AB-79FDF0694457}
		{D121278E-2DE1-4FFC-B000-17AA16779EA4} = {FCAFFE58-9A15-49B0-BA2D-6F58CE095356}
		{DC5CEC38-D14B-4E4B-90F3-10E6D983F8FE} = {2BCA0BF3-ED8E-4490-8909-7128DB718DBF}
		{36D530B2-EE1C-4FE3-8F86-E370CA6C3E05} = {DC5CEC38-D14B-4E4B-90F3-10E6D983F8FE}
		{776BFF6D-419F-4540-A024-6FC133C317BB} = {C7E53DF0-5503-4C31-83AB-79FDF0694457}
		{D726EDF4-87D8-4334-94EC-9445A881E8C0} = {776BFF6D-419F-4540-A024-6FC133C317BB}
		{DAD8E877-55D5-4924-94D0-57297396C87C} = {776BFF6D-419F-4540-A024-6FC133C317BB}
		{A5371690-4702-4E10-A3B4-9E5AC9095339} = {42370D81-086B-4D7F-85DB-E874F12DE1E8}
		{9334A768-101E-4A53-B9FB-FD55AFE64508} = {A5371690-4702-4E10-A3B4-9E5AC9095339}
	EndGlobalSection
	GlobalSection(ExtensibilityGlobals) = postSolution
		SolutionGuid = {35C708C8-9A9B-40D8-BC2B-15A098576A0D}
	EndGlobalSection
EndGlobal
